
Microsoft Visual Studio Solution File, Format Version 12.00
# Visual Studio Version 16
VisualStudioVersion = 16.0.31321.278
MinimumVisualStudioVersion = 10.0.40219.1
Project("{9A19103F-16F7-4668-BE54-9A1E7A4F7556}") = "RazorDemoApp", "RazorDemoApp\RazorDemoApp.csproj", "{AD0D65FA-D191-4148-8129-7C04FFB3F641}"
EndProject
Global
	GlobalSection(SolutionConfigurationPlatforms) = preSolution
		Debug|Any CPU = Debug|Any CPU
		Release|Any CPU = Release|Any CPU
	EndGlobalSection
	GlobalSection(ProjectConfigurationPlatforms) = postSolution
		{AD0D65FA-D191-4148-8129-7C04FFB3F641}.Debug|Any CPU.ActiveCfg = Debug|Any CPU
		{AD0D65FA-D191-4148-8129-7C04FFB3F641}.Debug|Any CPU.Build.0 = Debug|Any CPU
		{AD0D65FA-D191-4148-8129-7C04FFB3F641}.Release|Any CPU.ActiveCfg = Release|Any CPU
		{AD0D65FA-D191-4148-8129-7C04FFB3F641}.Release|Any CPU.Build.0 = Release|Any CPU
	EndGlobalSection
	GlobalSection(SolutionProperties) = preSolution
		HideSolutionNode = FALSE
	EndGlobalSection
	GlobalSection(ExtensibilityGlobals) = postSolution
		SolutionGuid = {ED32C473-63BC-45EB-9F15-88EF8E7D2AC5}
	EndGlobalSection
EndGlobal
